Microsoft Visual Studio Solution File, Format Version 12.00
# Visual Studio Version 17
VisualStudioVersion = 17.5.2.0
MinimumVisualStudioVersion = 10.0.40219.1
Project("{FAE04EC0-301F-11D3-BF4B-00C04F79EFBC}") = "SKBookApi", "SKBookApi.csproj", "{F7249BF3-17A2-79F6-6616-DFDF05B709CE}"
EndProject
Global
	GlobalSection(SolutionConfigurationPlatforms) = preSolution
		Debug|Any CPU = Debug|Any CPU
		Release|Any CPU = Release|Any CPU
	EndGlobalSection
	GlobalSection(ProjectConfigurationPlatforms) = postSolution
		{F7249BF3-17A2-79F6-6616-DFDF05B709CE}.Debug|Any CPU.ActiveCfg = Debug|Any CPU
		{F7249BF3-17A2-79F6-6616-DFDF05B709CE}.Debug|Any CPU.Build.0 = Debug|Any CPU
		{F7249BF3-17A2-79F6-6616-DFDF05B709CE}.Release|Any CPU.ActiveCfg = Release|Any CPU
		{F7249BF3-17A2-79F6-6616-DFDF05B709CE}.Release|Any CPU.Build.0 = Release|Any CPU
	EndGlobalSection
	GlobalSection(SolutionProperties) = preSolution
		HideSolutionNode = FALSE
	EndGlobalSection
	GlobalSection(ExtensibilityGlobals) = postSolution
		SolutionGuid = {0A04DA15-D1E9-448F-A15A-E542A35C5A9A}
	EndGlobalSection
EndGlobal
